
Microsoft Visual Studio Solution File, Format Version 12.00
# Visual Studio Version 17
VisualStudioVersion = 17.4.33403.182
MinimumVisualStudioVersion = 10.0.40219.1
Project("{FAE04EC0-301F-11D3-BF4B-00C04F79EFBC}") = "WebApiAutores", "WebApiAutores\WebApiAutores.csproj", "{109F89E6-2D6B-4308-A630-47904CD701FE}"
EndProject
Global
	GlobalSection(SolutionConfigurationPlatforms) = preSolution
		Debug|Any CPU = Debug|Any CPU
		Release|Any CPU = Release|Any CPU
	EndGlobalSection
	GlobalSection(ProjectConfigurationPlatforms) = postSolution
		{109F89E6-2D6B-4308-A630-47904CD701FE}.Debug|Any CPU.ActiveCfg = Debug|Any CPU
		{109F89E6-2D6B-4308-A630-47904CD701FE}.Debug|Any CPU.Build.0 = Debug|Any CPU
		{109F89E6-2D6B-4308-A630-47904CD701FE}.Release|Any CPU.ActiveCfg = Release|Any CPU
		{109F89E6-2D6B-4308-A630-47904CD701FE}.Release|Any CPU.Build.0 = Release|Any CPU
	EndGlobalSection
	GlobalSection(SolutionProperties) = preSolution
		HideSolutionNode = FALSE
	EndGlobalSection
	GlobalSection(ExtensibilityGlobals) = postSolution
		SolutionGuid = {A52CBCE8-F72A-4917-B742-1012745B215C}
	EndGlobalSection
EndGlobal
